Microsoft Visual Studio Solution File, Format Version 12.00
# Visual Studio 15
VisualStudioVersion = 15.0.27130.2003
MinimumVisualStudioVersion = 15.0.26124.0
Project("{9A19103F-16F7-4668-BE54-9A1E7A4F7556}") = "Grocery.API.eFruitService", "Grocery.API.eFruitService\Grocery.API.eFruitService.csproj", "{58ED12B7-1551-487F-B700-9A59E824C992}"
EndProject
Project("{9A19103F-16F7-4668-BE54-9A1E7A4F7556}") = "Grocery.Core.Data", "Grocery.Core.Data\Grocery.Core.Data.csproj", "{942D2805-FCB5-43DB-99D8-7B42FB66B9D5}"
EndProject
Project("{9A19103F-16F7-4668-BE54-9A1E7A4F7556}") = "Grocery.Core.Data.Model", "Grocery.Core.Data.Model\Grocery.Core.Data.Model.csproj", "{8EE8AD70-1DD3-4893-A4D4-4BACC57F195B}"
EndProject
Project("{9A19103F-16F7-4668-BE54-9A1E7A4F7556}") = "Grocery.Core.Service", "Grocery.Core.Service\Grocery.Core.Service.csproj", "{91B807AE-6A60-4E27-B1D0-596BE450CF74}"
EndProject
Project("{9A19103F-16F7-4668-BE54-9A1E7A4F7556}") = "Grocery.API.eFruitService.Tests", "..\tests\Grocery.API.eFruitService.Tests\Grocery.API.eFruitService.Tests.csproj", "{0681C953-D180-4FC6-9AC3-18625C06DE98}"
EndProject
Project("{9A19103F-16F7-4668-BE54-9A1E7A4F7556}") = "Grocery.Core.Data.Model.Tests", "..\tests\Grocery.Core.Data.Model.Tests\Grocery.Core.Data.Model.Tests.csproj", "{E21A1B48-3D99-4BDF-AF6B-2F07BCE8729F}"
EndProject
Project("{9A19103F-16F7-4668-BE54-9A1E7A4F7556}") = "Grocery.Web.eFruit.Tests", "..\tests\Grocery.Web.eFruit.Tests\Grocery.Web.eFruit.Tests.csproj", "{C2085E99-786C-4713-A602-806254CFB6FC}"
EndProject
Project("{2150E333-8FDC-42A3-9474-1A3956D46DE8}") = "Tests", "Tests", "{63BF5D3B-E677-44A1-8BE6-E52106322475}"
EndProject
Project("{2150E333-8FDC-42A3-9474-1A3956D46DE8}") = "Source", "Source", "{AE8F8A38-7E62-43F3-80FC-6B2BE2D8C94D}"
EndProject
Project("{2150E333-8FDC-42A3-9474-1A3956D46DE8}") = "API", "API", "{3314E644-06A5-4877-87D7-81D11F57C17D}"
EndProject
Project("{2150E333-8FDC-42A3-9474-1A3956D46DE8}") = "Core", "Core", "{C403C618-C7B7-4EB6-A85C-64F47D9DE1EA}"
EndProject
Project("{2150E333-8FDC-42A3-9474-1A3956D46DE8}") = "Data", "Data", "{03A9A394-53A5-418D-9E93-2CFAB91AD791}"
EndProject
Project("{2150E333-8FDC-42A3-9474-1A3956D46DE8}") = "Service", "Service", "{D735F39D-936E-4535-8276-809B04FAD1B0}"
EndProject
Project("{2150E333-8FDC-42A3-9474-1A3956D46DE8}") = "Web", "Web", "{50465F90-1BC2-4A81-81AC-02E8E4E76572}"
EndProject
Project("{2150E333-8FDC-42A3-9474-1A3956D46DE8}") = "Tasks", "Tasks", "{5168A46B-621A-4440-A40A-AC64622EA7E4}"
EndProject
Project("{9A19103F-16F7-4668-BE54-9A1E7A4F7556}") = "Grocery.Web.eFruit", "Grocery.Web.eFruit\Grocery.Web.eFruit.csproj", "{0F932C7D-48DF-4611-99EE-3A508CE04E8B}"
EndProject
Project("{2150E333-8FDC-42A3-9474-1A3956D46DE8}") = "Extension", "Extension", "{78E55C3A-D4D2-45BC-A0AD-C3D32E719337}"
EndProject
Project("{9A19103F-16F7-4668-BE54-9A1E7A4F7556}") = "Grocery.Core.Extension", "Grocery.Core.Extension\Grocery.Core.Extension.csproj", "{07DA2358-10FF-422A-8BA5-DE09EC64AD9B}"
EndProject
Project("{9A19103F-16F7-4668-BE54-9A1E7A4F7556}") = "Grocery.Core.Tasks.ProductRefresher", "Grocery.Code.Tasks.ProductRefresher\Grocery.Core.Tasks.ProductRefresher.csproj", "{8D05C1BE-E398-4859-B92C-CA9EA5399820}"
EndProject
Global
	GlobalSection(SolutionConfigurationPlatforms) = preSolution
		Debug|Any CPU = Debug|Any CPU
		Debug|x64 = Debug|x64
		Debug|x86 = Debug|x86
		Release|Any CPU = Release|Any CPU
		Release|x64 = Release|x64
		Release|x86 = Release|x86
	EndGlobalSection
	GlobalSection(ProjectConfigurationPlatforms) = postSolution
		{58ED12B7-1551-487F-B700-9A59E824C992}.Debug|Any CPU.ActiveCfg = Debug|Any CPU
		{58ED12B7-1551-487F-B700-9A59E824C992}.Debug|Any CPU.Build.0 = Debug|Any CPU
		{58ED12B7-1551-487F-B700-9A59E824C992}.Debug|x64.ActiveCfg = Debug|Any CPU
		{58ED12B7-1551-487F-B700-9A59E824C992}.Debug|x64.Build.0 = Debug|Any CPU
		{58ED12B7-1551-487F-B700-9A59E824C992}.Debug|x86.ActiveCfg = Debug|Any CPU
		{58ED12B7-1551-487F-B700-9A59E824C992}.Debug|x86.Build.0 = Debug|Any CPU
		{58ED12B7-1551-487F-B700-9A59E824C992}.Release|Any CPU.ActiveCfg = Release|Any CPU
		{58ED12B7-1551-487F-B700-9A59E824C992}.Release|Any CPU.Build.0 = Release|Any CPU
		{58ED12B7-1551-487F-B700-9A59E824C992}.Release|x64.ActiveCfg = Release|Any CPU
		{58ED12B7-1551-487F-B700-9A59E824C992}.Release|x64.Build.0 = Release|Any CPU
		{58ED12B7-1551-487F-B700-9A59E824C992}.Release|x86.ActiveCfg = Release|Any CPU
		{58ED12B7-1551-487F-B700-9A59E824C992}.Release|x86.Build.0 = Release|Any CPU
		{942D2805-FCB5-43DB-99D8-7B42FB66B9D5}.Debug|Any CPU.ActiveCfg = Debug|Any CPU
		{942D2805-FCB5-43DB-99D8-7B42FB66B9D5}.Debug|Any CPU.Build.0 = Debug|Any CPU
		{942D2805-FCB5-43DB-99D8-7B42FB66B9D5}.Debug|x64.ActiveCfg = Debug|Any CPU
		{942D2805-FCB5-43DB-99D8-7B42FB66B9D5}.Debug|x64.Build.0 = Debug|Any CPU
		{942D2805-FCB5-43DB-99D8-7B42FB66B9D5}.Debug|x86.ActiveCfg = Debug|Any CPU
		{942D2805-FCB5-43DB-99D8-7B42FB66B9D5}.Debug|x86.Build.0 = Debug|Any CPU
		{942D2805-FCB5-43DB-99D8-7B42FB66B9D5}.Release|Any CPU.ActiveCfg = Release|Any CPU
		{942D2805-FCB5-43DB-99D8-7B42FB66B9D5}.Release|Any CPU.Build.0 = Release|Any CPU
		{942D2805-FCB5-43DB-99D8-7B42FB66B9D5}.Release|x64.ActiveCfg = Release|Any CPU
		{942D2805-FCB5-43DB-99D8-7B42FB66B9D5}.Release|x64.Build.0 = Release|Any CPU
		{942D2805-FCB5-43DB-99D8-7B42FB66B9D5}.Release|x86.ActiveCfg = Release|Any CPU
		{942D2805-FCB5-43DB-99D8-7B42FB66B9D5}.Release|x86.Build.0 = Release|Any CPU
		{8EE8AD70-1DD3-4893-A4D4-4BACC57F195B}.Debug|Any CPU.ActiveCfg = Debug|Any CPU
		{8EE8AD70-1DD3-4893-A4D4-4BACC57F195B}.Debug|Any CPU.Build.0 = Debug|Any CPU
		{8EE8AD70-1DD3-4893-A4D4-4BACC57F195B}.Debug|x64.ActiveCfg = Debug|Any CPU
		{8EE8AD70-1DD3-4893-A4D4-4BACC57F195B}.Debug|x64.Build.0 = Debug|Any CPU
		{8EE8AD70-1DD3-4893-A4D4-4BACC57F195B}.Debug|x86.ActiveCfg = Debug|Any CPU
		{8EE8AD70-1DD3-4893-A4D4-4BACC57F195B}.Debug|x86.Build.0 = Debug|Any CPU
		{8EE8AD70-1DD3-4893-A4D4-4BACC57F195B}.Release|Any CPU.ActiveCfg = Release|Any CPU
		{8EE8AD70-1DD3-4893-A4D4-4BACC57F195B}.Release|Any CPU.Build.0 = Release|Any CPU
		{8EE8AD70-1DD3-4893-A4D4-4BACC57F195B}.Release|x64.ActiveCfg = Release|Any CPU
		{8EE8AD70-1DD3-4893-A4D4-4BACC57F195B}.Release|x64.Build.0 = Release|Any CPU
		{8EE8AD70-1DD3-4893-A4D4-4BACC57F195B}.Release|x86.ActiveCfg = Release|Any CPU
		{8EE8AD70-1DD3-4893-A4D4-4BACC57F195B}.Release|x86.Build.0 = Release|Any CPU
		{91B807AE-6A60-4E27-B1D0-596BE450CF74}.Debug|Any CPU.ActiveCfg = Debug|Any CPU
		{91B807AE-6A60-4E27-B1D0-596BE450CF74}.Debug|Any CPU.Build.0 = Debug|Any CPU
		{91B807AE-6A60-4E27-B1D0-596BE450CF74}.Debug|x64.ActiveCfg = Debug|Any CPU
		{91B807AE-6A60-4E27-B1D0-596BE450CF74}.Debug|x64.Build.0 = Debug|Any CPU
		{91B807AE-6A60-4E27-B1D0-596BE450CF74}.Debug|x86.ActiveCfg = Debug|Any CPU
		{91B807AE-6A60-4E27-B1D0-596BE450CF74}.Debug|x86.Build.0 = Debug|Any CPU
		{91B807AE-6A60-4E27-B1D0-596BE450CF74}.Release|Any CPU.ActiveCfg = Release|Any CPU
		{91B807AE-6A60-4E27-B1D0-596BE450CF74}.Release|Any CPU.Build.0 = Release|Any CPU
		{91B807AE-6A60-4E27-B1D0-596BE450CF74}.Release|x64.ActiveCfg = Release|Any CPU
		{91B807AE-6A60-4E27-B1D0-596BE450CF74}.Release|x64.Build.0 = Release|Any CPU
		{91B807AE-6A60-4E27-B1D0-596BE450CF74}.Release|x86.ActiveCfg = Release|Any CPU
		{91B807AE-6A60-4E27-B1D0-596BE450CF74}.Release|x86.Build.0 = Release|Any CPU
		{0681C953-D180-4FC6-9AC3-18625C06DE98}.Debug|Any CPU.ActiveCfg = Debug|Any CPU
		{0681C953-D180-4FC6-9AC3-18625C06DE98}.Debug|Any CPU.Build.0 = Debug|Any CPU
		{0681C953-D180-4FC6-9AC3-18625C06DE98}.Debug|x64.ActiveCfg = Debug|Any CPU
		{0681C953-D180-4FC6-9AC3-18625C06DE98}.Debug|x64.Build.0 = Debug|Any CPU
		{0681C953-D180-4FC6-9AC3-18625C06DE98}.Debug|x86.ActiveCfg = Debug|Any CPU
		{0681C953-D180-4FC6-9AC3-18625C06DE98}.Debug|x86.Build.0 = Debug|Any CPU
		{0681C953-D180-4FC6-9AC3-18625C06DE98}.Release|Any CPU.ActiveCfg = Release|Any CPU
		{0681C953-D180-4FC6-9AC3-18625C06DE98}.Release|Any CPU.Build.0 = Release|Any CPU
		{0681C953-D180-4FC6-9AC3-18625C06DE98}.Release|x64.ActiveCfg = Release|Any CPU
		{0681C953-D180-4FC6-9AC3-18625C06DE98}.Release|x64.Build.0 = Release|Any CPU
		{0681C953-D180-4FC6-9AC3-18625C06DE98}.Release|x86.ActiveCfg = Release|Any CPU
		{0681C953-D180-4FC6-9AC3-18625C06DE98}.Release|x86.Build.0 = Release|Any CPU
		{E21A1B48-3D99-4BDF-AF6B-2F07BCE8729F}.Debug|Any CPU.ActiveCfg = Debug|Any CPU
		{E21A1B48-3D99-4BDF-AF6B-2F07BCE8729F}.Debug|Any CPU.Build.0 = Debug|Any CPU
		{E21A1B48-3D99-4BDF-AF6B-2F07BCE8729F}.Debug|x64.ActiveCfg = Debug|Any CPU
		{E21A1B48-3D99-4BDF-AF6B-2F07BCE8729F}.Debug|x64.Build.0 = Debug|Any CPU
		{E21A1B48-3D99-4BDF-AF6B-2F07BCE8729F}.Debug|x86.ActiveCfg = Debug|Any CPU
		{E21A1B48-3D99-4BDF-AF6B-2F07BCE8729F}.Debug|x86.Build.0 = Debug|Any CPU
		{E21A1B48-3D99-4BDF-AF6B-2F07BCE8729F}.Release|Any CPU.ActiveCfg = Release|Any CPU
		{E21A1B48-3D99-4BDF-AF6B-2F07BCE8729F}.Release|Any CPU.Build.0 = Release|Any CPU
		{E21A1B48-3D99-4BDF-AF6B-2F07BCE8729F}.Release|x64.ActiveCfg = Release|Any CPU
		{E21A1B48-3D99-4BDF-AF6B-2F07BCE8729F}.Release|x64.Build.0 = Release|Any CPU
		{E21A1B48-3D99-4BDF-AF6B-2F07BCE8729F}.Release|x86.ActiveCfg = Release|Any CPU
		{E21A1B48-3D99-4BDF-AF6B-2F07BCE8729F}.Release|x86.Build.0 = Release|Any CPU
		{C2085E99-786C-4713-A602-806254CFB6FC}.Debug|Any CPU.ActiveCfg = Debug|Any CPU
		{C2085E99-786C-4713-A602-806254CFB6FC}.Debug|Any CPU.Build.0 = Debug|Any CPU
		{C2085E99-786C-4713-A602-806254CFB6FC}.Debug|x64.ActiveCfg = Debug|Any CPU
		{C2085E99-786C-4713-A602-806254CFB6FC}.Debug|x64.Build.0 = Debug|Any CPU
		{C2085E99-786C-4713-A602-806254CFB6FC}.Debug|x86.ActiveCfg = Debug|Any CPU
		{C2085E99-786C-4713-A602-806254CFB6FC}.Debug|x86.Build.0 = Debug|Any CPU
		{C2085E99-786C-4713-A602-806254CFB6FC}.Release|Any CPU.ActiveCfg = Release|Any CPU
		{C2085E99-786C-4713-A602-806254CFB6FC}.Release|Any CPU.Build.0 = Release|Any CPU
		{C2085E99-786C-4713-A602-806254CFB6FC}.Release|x64.ActiveCfg = Release|Any CPU
		{C2085E99-786C-4713-A602-806254CFB6FC}.Release|x64.Build.0 = Release|Any CPU
		{C2085E99-786C-4713-A602-806254CFB6FC}.Release|x86.ActiveCfg = Release|Any CPU
		{C2085E99-786C-4713-A602-806254CFB6FC}.Release|x86.Build.0 = Release|Any CPU
		{0F932C7D-48DF-4611-99EE-3A508CE04E8B}.Debug|Any CPU.ActiveCfg = Debug|Any CPU
		{0F932C7D-48DF-4611-99EE-3A508CE04E8B}.Debug|Any CPU.Build.0 = Debug|Any CPU
		{0F932C7D-48DF-4611-99EE-3A508CE04E8B}.Debug|x64.ActiveCfg = Debug|Any CPU
		{0F932C7D-48DF-4611-99EE-3A508CE04E8B}.Debug|x64.Build.0 = Debug|Any CPU
		{0F932C7D-48DF-4611-99EE-3A508CE04E8B}.Debug|x86.ActiveCfg = Debug|Any CPU
		{0F932C7D-48DF-4611-99EE-3A508CE04E8B}.Debug|x86.Build.0 = Debug|Any CPU
		{0F932C7D-48DF-4611-99EE-3A508CE04E8B}.Release|Any CPU.ActiveCfg = Release|Any CPU
		{0F932C7D-48DF-4611-99EE-3A508CE04E8B}.Release|Any CPU.Build.0 = Release|Any CPU
		{0F932C7D-48DF-4611-99EE-3A508CE04E8B}.Release|x64.ActiveCfg = Release|Any CPU
		{0F932C7D-48DF-4611-99EE-3A508CE04E8B}.Release|x64.Build.0 = Release|Any CPU
		{0F932C7D-48DF-4611-99EE-3A508CE04E8B}.Release|x86.ActiveCfg = Release|Any CPU
		{0F932C7D-48DF-4611-99EE-3A508CE04E8B}.Release|x86.Build.0 = Release|Any CPU
		{07DA2358-10FF-422A-8BA5-DE09EC64AD9B}.Debug|Any CPU.ActiveCfg = Debug|Any CPU
		{07DA2358-10FF-422A-8BA5-DE09EC64AD9B}.Debug|Any CPU.Build.0 = Debug|Any CPU
		{07DA2358-10FF-422A-8BA5-DE09EC64AD9B}.Debug|x64.ActiveCfg = Debug|Any CPU
		{07DA2358-10FF-422A-8BA5-DE09EC64AD9B}.Debug|x64.Build.0 = Debug|Any CPU
		{07DA2358-10FF-422A-8BA5-DE09EC64AD9B}.Debug|x86.ActiveCfg = Debug|Any CPU
		{07DA2358-10FF-422A-8BA5-DE09EC64AD9B}.Debug|x86.Build.0 = Debug|Any CPU
		{07DA2358-10FF-422A-8BA5-DE09EC64AD9B}.Release|Any CPU.ActiveCfg = Release|Any CPU
		{07DA2358-10FF-422A-8BA5-DE09EC64AD9B}.Release|Any CPU.Build.0 = Release|Any CPU
		{07DA2358-10FF-422A-8BA5-DE09EC64AD9B}.Release|x64.ActiveCfg = Release|Any CPU
		{07DA2358-10FF-422A-8BA5-DE09EC64AD9B}.Release|x64.Build.0 = Release|Any CPU
		{07DA2358-10FF-422A-8BA5-DE09EC64AD9B}.Release|x86.ActiveCfg = Release|Any CPU
		{07DA2358-10FF-422A-8BA5-DE09EC64AD9B}.Release|x86.Build.0 = Release|Any CPU
		{8D05C1BE-E398-4859-B92C-CA9EA5399820}.Debug|Any CPU.ActiveCfg = Debug|Any CPU
		{8D05C1BE-E398-4859-B92C-CA9EA5399820}.Debug|Any CPU.Build.0 = Debug|Any CPU
		{8D05C1BE-E398-4859-B92C-CA9EA5399820}.Debug|x64.ActiveCfg = Debug|Any CPU
		{8D05C1BE-E398-4859-B92C-CA9EA5399820}.Debug|x64.Build.0 = Debug|Any CPU
		{8D05C1BE-E398-4859-B92C-CA9EA5399820}.Debug|x86.ActiveCfg = Debug|Any CPU
		{8D05C1BE-E398-4859-B92C-CA9EA5399820}.Debug|x86.Build.0 = Debug|Any CPU
		{8D05C1BE-E398-4859-B92C-CA9EA5399820}.Release|Any CPU.ActiveCfg = Release|Any CPU
		{8D05C1BE-E398-4859-B92C-CA9EA5399820}.Release|Any CPU.Build.0 = Release|Any CPU
		{8D05C1BE-E398-4859-B92C-CA9EA5399820}.Release|x64.ActiveCfg = Release|Any CPU
		{8D05C1BE-E398-4859-B92C-CA9EA5399820}.Release|x64.Build.0 = Release|Any CPU
		{8D05C1BE-E398-4859-B92C-CA9EA5399820}.Release|x86.ActiveCfg = Release|Any CPU
		{8D05C1BE-E398-4859-B92C-CA9EA5399820}.Release|x86.Build.0 = Release|Any CPU
	EndGlobalSection
	GlobalSection(SolutionProperties) = preSolution
		HideSolutionNode = FALSE
	EndGlobalSection
	GlobalSection(NestedProjects) = preSolution
		{58ED12B7-1551-487F-B700-9A59E824C992} = {3314E644-06A5-4877-87D7-81D11F57C17D}
		{942D2805-FCB5-43DB-99D8-7B42FB66B9D5} = {03A9A394-53A5-418D-9E93-2CFAB91AD791}
		{8EE8AD70-1DD3-4893-A4D4-4BACC57F195B} = {03A9A394-53A5-418D-9E93-2CFAB91AD791}
		{91B807AE-6A60-4E27-B1D0-596BE450CF74} = {D735F39D-936E-4535-8276-809B04FAD1B0}
		{0681C953-D180-4FC6-9AC3-18625C06DE98} = {63BF5D3B-E677-44A1-8BE6-E52106322475}
		{E21A1B48-3D99-4BDF-AF6B-2F07BCE8729F} = {63BF5D3B-E677-44A1-8BE6-E52106322475}
		{C2085E99-786C-4713-A602-806254CFB6FC} = {63BF5D3B-E677-44A1-8BE6-E52106322475}
		{3314E644-06A5-4877-87D7-81D11F57C17D} = {AE8F8A38-7E62-43F3-80FC-6B2BE2D8C94D}
		{C403C618-C7B7-4EB6-A85C-64F47D9DE1EA} = {AE8F8A38-7E62-43F3-80FC-6B2BE2D8C94D}
		{03A9A394-53A5-418D-9E93-2CFAB91AD791} = {C403C618-C7B7-4EB6-A85C-64F47D9DE1EA}
		{D735F39D-936E-4535-8276-809B04FAD1B0} = {C403C618-C7B7-4EB6-A85C-64F47D9DE1EA}
		{50465F90-1BC2-4A81-81AC-02E8E4E76572} = {AE8F8A38-7E62-43F3-80FC-6B2BE2D8C94D}
		{5168A46B-621A-4440-A40A-AC64622EA7E4} = {C403C618-C7B7-4EB6-A85C-64F47D9DE1EA}
		{0F932C7D-48DF-4611-99EE-3A508CE04E8B} = {50465F90-1BC2-4A81-81AC-02E8E4E76572}
		{78E55C3A-D4D2-45BC-A0AD-C3D32E719337} = {C403C618-C7B7-4EB6-A85C-64F47D9DE1EA}
		{07DA2358-10FF-422A-8BA5-DE09EC64AD9B} = {78E55C3A-D4D2-45BC-A0AD-C3D32E719337}
		{8D05C1BE-E398-4859-B92C-CA9EA5399820} = {5168A46B-621A-4440-A40A-AC64622EA7E4}
	EndGlobalSection
	GlobalSection(ExtensibilityGlobals) = postSolution
		SolutionGuid = {795B3513-7EC8-403B-AA5E-6CC3F91A2E4B}
	EndGlobalSection
EndGlobal
